// !$*UTF8*$!
{
	archiveVersion = 1;
	classes = {
	};
	objectVersion = 56;
	objects = {

/* Begin PBXBuildFile section */
		C56D29412AC938C2006BDB82 /* testFile.swift in Sources */ = {isa = PBXBuildFile; fileRef = C56D29402AC938C2006BDB82 /* testFile.swift */; };
		C583FA9C2AC8A2A500CE4F61 /* firstProjectApp.swift in Sources */ = {isa = PBXBuildFile; fileRef = C583FA9B2AC8A2A500CE4F61 /* firstProjectApp.swift */; };
		C583FA9E2AC8A2A500CE4F61 /* ContentView.swift in Sources */ = {isa = PBXBuildFile; fileRef = C583FA9D2AC8A2A500CE4F61 /* ContentView.swift */; };
		C583FAA02AC8A2A700CE4F61 /* Assets.xcassets in Resources */ = {isa = PBXBuildFile; fileRef = C583FA9F2AC8A2A700CE4F61 /* Assets.xcassets */; };
		C583FAA42AC8A2A700CE4F61 /* Preview Assets.xcassets in Resources */ = {isa = PBXBuildFile; fileRef = C583FAA32AC8A2A700CE4F61 /* Preview Assets.xcassets */; };
		C583FAAE2AC8A2A700CE4F61 /* firstProjectTests.swift in Sources */ = {isa = PBXBuildFile; fileRef = C583FAAD2AC8A2A700CE4F61 /* firstProjectTests.swift */; };
		C583FAB82AC8A2A700CE4F61 /* firstProjectUITests.swift in Sources */ = {isa = PBXBuildFile; fileRef = C583FAB72AC8A2A700CE4F61 /* firstProjectUITests.swift */; };
		C583FABA2AC8A2A700CE4F61 /* firstProjectUITestsLaunchTests.swift in Sources */ = {isa = PBXBuildFile; fileRef = C583FAB92AC8A2A700CE4F61 /* firstProjectUITestsLaunchTests.swift */; };
/* End PBXBuildFile section */

/* Begin PBXContainerItemProxy section */
		C583FAAA2AC8A2A700CE4F61 /* PBXContainerItemProxy */ = {
			isa = PBXContainerItemProxy;
			containerPortal = C583FA902AC8A2A500CE4F61 /* Project object */;
			proxyType = 1;
			remoteGlobalIDString = C583FA972AC8A2A500CE4F61;
			remoteInfo = firstProject;
		};
		C583FAB42AC8A2A700CE4F61 /* PBXContainerItemProxy */ = {
			isa = PBXContainerItemProxy;
			containerPortal = C583FA902AC8A2A500CE4F61 /* Project object */;
			proxyType = 1;
			remoteGlobalIDString = C583FA972AC8A2A500CE4F61;
			remoteInfo = firstProject;
		};
/* End PBXContainerItemProxy section */

/* Begin PBXFileReference section */
		C56D29402AC938C2006BDB82 /* testFile.swift */ = {isa = PBXFileReference; lastKnownFileType = sourcecode.swift; path = testFile.swift; sourceTree = "<group>"; };
		C583FA982AC8A2A500CE4F61 /* firstProject.app */ = {isa = PBXFileReference; explicitFileType = wrapper.application; includeInIndex = 0; path = firstProject.app; sourceTree = BUILT_PRODUCTS_DIR; };
		C583FA9B2AC8A2A500CE4F61 /* firstProjectApp.swift */ = {isa = PBXFileReference; lastKnownFileType = sourcecode.swift; path = firstProjectApp.swift; sourceTree = "<group>"; };
		C583FA9D2AC8A2A500CE4F61 /* ContentView.swift */ = {isa = PBXFileReference; lastKnownFileType = sourcecode.swift; path = ContentView.swift; sourceTree = "<group>"; };
		C583FA9F2AC8A2A700CE4F61 /* Assets.xcassets */ = {isa = PBXFileReference; lastKnownFileType = folder.assetcatalog; path = Assets.xcassets; sourceTree = "<group>"; };
		C583FAA12AC8A2A700CE4F61 /* firstProject.entitlements */ = {isa = PBXFileReference; lastKnownFileType = text.plist.entitlements; path = firstProject.entitlements; sourceTree = "<group>"; };
		C583FAA32AC8A2A700CE4F61 /* Preview Assets.xcassets */ = {isa = PBXFileReference; lastKnownFileType = folder.assetcatalog; path = "Preview Assets.xcassets"; sourceTree = "<group>"; };
		C583FAA92AC8A2A700CE4F61 /* firstProjectTests.xctest */ = {isa = PBXFileReference; explicitFileType = wrapper.cfbundle; includeInIndex = 0; path = firstProjectTests.xctest; sourceTree = BUILT_PRODUCTS_DIR; };
		C583FAAD2AC8A2A700CE4F61 /* firstProjectTests.swift */ = {isa = PBXFileReference; lastKnownFileType = sourcecode.swift; path = firstProjectTests.swift; sourceTree = "<group>"; };
		C583FAB32AC8A2A700CE4F61 /* firstProjectUITests.xctest */ = {isa = PBXFileReference; explicitFileType = wrapper.cfbundle; includeInIndex = 0; path = firstProjectUITests.xctest; sourceTree = BUILT_PRODUCTS_DIR; };
		C583FAB72AC8A2A700CE4F61 /* firstProjectUITests.swift */ = {isa = PBXFileReference; lastKnownFileType = sourcecode.swift; path = firstProjectUITests.swift; sourceTree = "<group>"; };
		C583FAB92AC8A2A700CE4F61 /* firstProjectUITestsLaunchTests.swift */ = {isa = PBXFileReference; lastKnownFileType = sourcecode.swift; path = firstProjectUITestsLaunchTests.swift; sourceTree = "<group>"; };
/* End PBXFileReference section */

/* Begin PBXFrameworksBuildPhase section */
		C583FA952AC8A2A500CE4F61 /* Frameworks */ = {
			isa = PBXFrameworksBuildPhase;
			buildActionMask = 2147483647;
			files = (
			);
			runOnlyForDeploymentPostprocessing = 0;
		};
		C583FAA62AC8A2A700CE4F61 /* Frameworks */ = {
			isa = PBXFrameworksBuildPhase;
			buildActionMask = 2147483647;
			files = (
			);
			runOnlyForDeploymentPostprocessing = 0;
		};
		C583FAB02AC8A2A700CE4F61 /* Frameworks */ = {
			isa = PBXFrameworksBuildPhase;
			buildActionMask = 2147483647;
			files = (
			);
			runOnlyForDeploymentPostprocessing = 0;
		};
/* End PBXFrameworksBuildPhase section */

/* Begin PBXGroup section */
		C56D293D2AC93861006BDB82 /* GroupWithoutFolder1 */ = {
			isa = PBXGroup;
			children = (
				C56D29442AC93969006BDB82 /* GroupWithFolder */,
			);
			name = GroupWithoutFolder1;
			sourceTree = "<group>";
		};
		C56D293F2AC938A6006BDB82 /* GroupWithoutFolder2 */ = {
			isa = PBXGroup;
			children = (
				C56D29402AC938C2006BDB82 /* testFile.swift */,
			);
			name = GroupWithoutFolder2;
			path = ..;
			sourceTree = "<group>";
		};
		C56D29442AC93969006BDB82 /* GroupWithFolder */ = {
			isa = PBXGroup;
			children = (
				C56D293F2AC938A6006BDB82 /* GroupWithoutFolder2 */,
			);
			path = GroupWithFolder;
			sourceTree = "<group>";
		};
		C583FA8F2AC8A2A500CE4F61 = {
			isa = PBXGroup;
			children = (
				C583FA9A2AC8A2A500CE4F61 /* firstProject */,
				C583FAAC2AC8A2A700CE4F61 /* firstProjectTests */,
				C583FAB62AC8A2A700CE4F61 /* firstProjectUITests */,
				C583FA992AC8A2A500CE4F61 /* Products */,
			);
			sourceTree = "<group>";
		};
		C583FA992AC8A2A500CE4F61 /* Products */ = {
			isa = PBXGroup;
			children = (
				C583FA982AC8A2A500CE4F61 /* firstProject.app */,
				C583FAA92AC8A2A700CE4F61 /* firstProjectTests.xctest */,
				C583FAB32AC8A2A700CE4F61 /* firstProjectUITests.xctest */,
			);
			name = Products;
			sourceTree = "<group>";
		};
		C583FA9A2AC8A2A500CE4F61 /* firstProject */ = {
			isa = PBXGroup;
			children = (
				C56D293D2AC93861006BDB82 /* GroupWithoutFolder1 */,
				C583FA9B2AC8A2A500CE4F61 /* firstProjectApp.swift */,
				C583FA9D2AC8A2A500CE4F61 /* ContentView.swift */,
				C583FA9F2AC8A2A700CE4F61 /* Assets.xcassets */,
				C583FAA12AC8A2A700CE4F61 /* firstProject.entitlements */,
				C583FAA22AC8A2A700CE4F61 /* Preview Content */,
			);
			path = firstProject;
			sourceTree = "<group>";
		};
		C583FAA22AC8A2A700CE4F61 /* Preview Content */ = {
			isa = PBXGroup;
			children = (
				C583FAA32AC8A2A700CE4F61 /* Preview Assets.xcassets */,
			);
			path = "Preview Content";
			sourceTree = "<group>";
		};
		C583FAAC2AC8A2A700CE4F61 /* firstProjectTests */ = {
			isa = PBXGroup;
			children = (
				C583FAAD2AC8A2A700CE4F61 /* firstProjectTests.swift */,
			);
			path = firstProjectTests;
			sourceTree = "<group>";
		};
		C583FAB62AC8A2A700CE4F61 /* firstProjectUITests */ = {
			isa = PBXGroup;
			children = (
				C583FAB72AC8A2A700CE4F61 /* firstProjectUITests.swift */,
				C583FAB92AC8A2A700CE4F61 /* firstProjectUITestsLaunchTests.swift */,
			);
			path = firstProjectUITests;
			sourceTree = "<group>";
		};
/* End PBXGroup section */

/* Begin PBXNativeTarget section */
		C583FA972AC8A2A500CE4F61 /* firstProject */ = {
			isa = PBXNativeTarget;
			buildConfigurationList = C583FABD2AC8A2A700CE4F61 /* Build configuration list for PBXNativeTarget "firstProject" */;
			buildPhases = (
				C583FA942AC8A2A500CE4F61 /* Sources */,
				C583FA952AC8A2A500CE4F61 /* Frameworks */,
				C583FA962AC8A2A500CE4F61 /* Resources */,
			);
			buildRules = (
			);
			dependencies = (
			);
			name = firstProject;
			productName = firstProject;
			productReference = C583FA982AC8A2A500CE4F61 /* firstProject.app */;
			productType = "com.apple.product-type.application";
		};
		C583FAA82AC8A2A700CE4F61 /* firstProjectTests */ = {
			isa = PBXNativeTarget;
			buildConfigurationList = C583FAC02AC8A2A700CE4F61 /* Build configuration list for PBXNativeTarget "firstProjectTests" */;
			buildPhases = (
				C583FAA52AC8A2A700CE4F61 /* Sources */,
				C583FAA62AC8A2A700CE4F61 /* Frameworks */,
				C583FAA72AC8A2A700CE4F61 /* Resources */,
			);
			buildRules = (
			);
			dependencies = (
				C583FAAB2AC8A2A700CE4F61 /* PBXTargetDependency */,
			);
			name = firstProjectTests;
			productName = firstProjectTests;
			productReference = C583FAA92AC8A2A700CE4F61 /* firstProjectTests.xctest */;
			productType = "com.apple.product-type.bundle.unit-test";
		};
		C583FAB22AC8A2A700CE4F61 /* firstProjectUITests */ = {
			isa = PBXNativeTarget;
			buildConfigurationList = C583FAC32AC8A2A700CE4F61 /* Build configuration list for PBXNativeTarget "firstProjectUITests" */;
			buildPhases = (
				C583FAAF2AC8A2A700CE4F61 /* Sources */,
				C583FAB02AC8A2A700CE4F61 /* Frameworks */,
				C583FAB12AC8A2A700CE4F61 /* Resources */,
			);
			buildRules = (
			);
			dependencies = (
				C583FAB52AC8A2A700CE4F61 /* PBXTargetDependency */,
			);
			name = firstProjectUITests;
			productName = firstProjectUITests;
			productReference = C583FAB32AC8A2A700CE4F61 /* firstProjectUITests.xctest */;
			productType = "com.apple.product-type.bundle.ui-testing";
		};
/* End PBXNativeTarget section */

/* Begin PBXProject section */
		C583FA902AC8A2A500CE4F61 /* Project object */ = {
			isa = PBXProject;
			attributes = {
				BuildIndependentTargetsInParallel = 1;
				LastSwiftUpdateCheck = 1430;
				LastUpgradeCheck = 1430;
				TargetAttributes = {
					C583FA972AC8A2A500CE4F61 = {
						CreatedOnToolsVersion = 14.3.1;
					};
					C583FAA82AC8A2A700CE4F61 = {
						CreatedOnToolsVersion = 14.3.1;
						TestTargetID = C583FA972AC8A2A500CE4F61;
					};
					C583FAB22AC8A2A700CE4F61 = {
						CreatedOnToolsVersion = 14.3.1;
						TestTargetID = C583FA972AC8A2A500CE4F61;
					};
				};
			};
			buildConfigurationList = C583FA932AC8A2A500CE4F61 /* Build configuration list for PBXProject "firstProject" */;
			compatibilityVersion = "Xcode 14.0";
			developmentRegion = en;
			hasScannedForEncodings = 0;
			knownRegions = (
				en,
				Base,
			);
			mainGroup = C583FA8F2AC8A2A500CE4F61;
			productRefGroup = C583FA992AC8A2A500CE4F61 /* Products */;
			projectDirPath = "";
			projectRoot = "";
			targets = (
				C583FA972AC8A2A500CE4F61 /* firstProject */,
				C583FAA82AC8A2A700CE4F61 /* firstProjectTests */,
				C583FAB22AC8A2A700CE4F61 /* firstProjectUITests */,
			);
		};
/* End PBXProject section */

/* Begin PBXResourcesBuildPhase section */
		C583FA962AC8A2A500CE4F61 /* Resources */ = {
			isa = PBXResourcesBuildPhase;
			buildActionMask = 2147483647;
			files = (
				C583FAA42AC8A2A700CE4F61 /* Preview Assets.xcassets in Resources */,
				C583FAA02AC8A2A700CE4F61 /* Assets.xcassets in Resources */,
			);
			runOnlyForDeploymentPostprocessing = 0;
		};
		C583FAA72AC8A2A700CE4F61 /* Resources */ = {
			isa = PBXResourcesBuildPhase;
			buildActionMask = 2147483647;
			files = (
			);
			runOnlyForDeploymentPostprocessing = 0;
		};
		C583FAB12AC8A2A700CE4F61 /* Resources */ = {
			isa = PBXResourcesBuildPhase;
			buildActionMask = 2147483647;
			files = (
			);
			runOnlyForDeploymentPostprocessing = 0;
		};
/* End PBXResourcesBuildPhase section */

/* Begin PBXSourcesBuildPhase section */
		C583FA942AC8A2A500CE4F61 /* Sources */ = {
			isa = PBXSourcesBuildPhase;
			buildActionMask = 2147483647;
			files = (
				C583FA9E2AC8A2A500CE4F61 /* ContentView.swift in Sources */,
				C583FA9C2AC8A2A500CE4F61 /* firstProjectApp.swift in Sources */,
				C56D29412AC938C2006BDB82 /* testFile.swift in Sources */,
			);
			runOnlyForDeploymentPostprocessing = 0;
		};
		C583FAA52AC8A2A700CE4F61 /* Sources */ = {
			isa = PBXSourcesBuildPhase;
			buildActionMask = 2147483647;
			files = (
				C583FAAE2AC8A2A700CE4F61 /* firstProjectTests.swift in Sources */,
			);
			runOnlyForDeploymentPostprocessing = 0;
		};
		C583FAAF2AC8A2A700CE4F61 /* Sources */ = {
			isa = PBXSourcesBuildPhase;
			buildActionMask = 2147483647;
			files = (
				C583FAB82AC8A2A700CE4F61 /* firstProjectUITests.swift in Sources */,
				C583FABA2AC8A2A700CE4F61 /* firstProjectUITestsLaunchTests.swift in Sources */,
			);
			runOnlyForDeploymentPostprocessing = 0;
		};
/* End PBXSourcesBuildPhase section */

/* Begin PBXTargetDependency section */
		C583FAAB2AC8A2A700CE4F61 /* PBXTargetDependency */ = {
			isa = PBXTargetDependency;
			target = C583FA972AC8A2A500CE4F61 /* firstProject */;
			targetProxy = C583FAAA2AC8A2A700CE4F61 /* PBXContainerItemProxy */;
		};
		C583FAB52AC8A2A700CE4F61 /* PBXTargetDependency */ = {
			isa = PBXTargetDependency;
			target = C583FA972AC8A2A500CE4F61 /* firstProject */;
			targetProxy = C583FAB42AC8A2A700CE4F61 /* PBXContainerItemProxy */;
		};
/* End PBXTargetDependency section */

/* Begin XCBuildConfiguration section */
		C583FABB2AC8A2A700CE4F61 /* Debug */ = {
			isa = XCBuildConfiguration;
			buildSettings = {
				ALWAYS_SEARCH_USER_PATHS = NO;
				CLANG_ANALYZER_NONNULL = YES;
				CLANG_ANALYZER_NUMBER_OBJECT_CONVERSION = YES_AGGRESSIVE;
				CLANG_CXX_LANGUAGE_STANDARD = "gnu++20";
				CLANG_ENABLE_MODULES = YES;
				CLANG_ENABLE_OBJC_ARC = YES;
				CLANG_ENABLE_OBJC_WEAK = YES;
				CLANG_WARN_BLOCK_CAPTURE_AUTORELEASING = YES;
				CLANG_WARN_BOOL_CONVERSION = YES;
				CLANG_WARN_COMMA = YES;
				CLANG_WARN_CONSTANT_CONVERSION = YES;
				CLANG_WARN_DEPRECATED_OBJC_IMPLEMENTATIONS = YES;
				CLANG_WARN_DIRECT_OBJC_ISA_USAGE = YES_ERROR;
				CLANG_WARN_DOCUMENTATION_COMMENTS = YES;
				CLANG_WARN_EMPTY_BODY = YES;
				CLANG_WARN_ENUM_CONVERSION = YES;
				CLANG_WARN_INFINITE_RECURSION = YES;
				CLANG_WARN_INT_CONVERSION = YES;
				CLANG_WARN_NON_LITERAL_NULL_CONVERSION = YES;
				CLANG_WARN_OBJC_IMPLICIT_RETAIN_SELF = YES;
				CLANG_WARN_OBJC_LITERAL_CONVERSION = YES;
				CLANG_WARN_OBJC_ROOT_CLASS = YES_ERROR;
				CLANG_WARN_QUOTED_INCLUDE_IN_FRAMEWORK_HEADER = YES;
				CLANG_WARN_RANGE_LOOP_ANALYSIS = YES;
				CLANG_WARN_STRICT_PROTOTYPES = YES;
				CLANG_WARN_SUSPICIOUS_MOVE = YES;
				CLANG_WARN_UNGUARDED_AVAILABILITY = YES_AGGRESSIVE;
				CLANG_WARN_UNREACHABLE_CODE = YES;
				CLANG_WARN__DUPLICATE_METHOD_MATCH = YES;
				COPY_PHASE_STRIP = NO;
				DEBUG_INFORMATION_FORMAT = dwarf;
				ENABLE_STRICT_OBJC_MSGSEND = YES;
				ENABLE_TESTABILITY = YES;
				GCC_C_LANGUAGE_STANDARD = gnu11;
				GCC_DYNAMIC_NO_PIC = NO;
				GCC_NO_COMMON_BLOCKS = YES;
				GCC_OPTIMIZATION_LEVEL = 0;
				GCC_PREPROCESSOR_DEFINITIONS = (
					"DEBUG=1",
					"$(inherited)",
				);
				GCC_WARN_64_TO_32_BIT_CONVERSION = YES;
				GCC_WARN_ABOUT_RETURN_TYPE = YES_ERROR;
				GCC_WARN_UNDECLARED_SELECTOR = YES;
				GCC_WARN_UNINITIALIZED_AUTOS = YES_AGGRESSIVE;
				GCC_WARN_UNUSED_FUNCTION = YES;
				GCC_WARN_UNUSED_VARIABLE = YES;
				MTL_ENABLE_DEBUG_INFO = INCLUDE_SOURCE;
				MTL_FAST_MATH = YES;
				ONLY_ACTIVE_ARCH = YES;
				SWIFT_ACTIVE_COMPILATION_CONDITIONS = DEBUG;
				SWIFT_OPTIMIZATION_LEVEL = "-Onone";
			};
			name = Debug;
		};
		C583FABC2AC8A2A700CE4F61 /* Release */ = {
			isa = XCBuildConfiguration;
			buildSettings = {
				ALWAYS_SEARCH_USER_PATHS = NO;
				CLANG_ANALYZER_NONNULL = YES;
				CLANG_ANALYZER_NUMBER_OBJECT_CONVERSION = YES_AGGRESSIVE;
				CLANG_CXX_LANGUAGE_STANDARD = "gnu++20";
				CLANG_ENABLE_MODULES = YES;
				CLANG_ENABLE_OBJC_ARC = YES;
				CLANG_ENABLE_OBJC_WEAK = YES;
				CLANG_WARN_BLOCK_CAPTURE_AUTORELEASING = YES;
				CLANG_WARN_BOOL_CONVERSION = YES;
				CLANG_WARN_COMMA = YES;
				CLANG_WARN_CONSTANT_CONVERSION = YES;
				CLANG_WARN_DEPRECATED_OBJC_IMPLEMENTATIONS = YES;
				CLANG_WARN_DIRECT_OBJC_ISA_USAGE = YES_ERROR;
				CLANG_WARN_DOCUMENTATION_COMMENTS = YES;
				CLANG_WARN_EMPTY_BODY = YES;
				CLANG_WARN_ENUM_CONVERSION = YES;
				CLANG_WARN_INFINITE_RECURSION = YES;
				CLANG_WARN_INT_CONVERSION = YES;
				CLANG_WARN_NON_LITERAL_NULL_CONVERSION = YES;
				CLANG_WARN_OBJC_IMPLICIT_RETAIN_SELF = YES;
				CLANG_WARN_OBJC_LITERAL_CONVERSION = YES;
				CLANG_WARN_OBJC_ROOT_CLASS = YES_ERROR;
				CLANG_WARN_QUOTED_INCLUDE_IN_FRAMEWORK_HEADER = YES;
				CLANG_WARN_RANGE_LOOP_ANALYSIS = YES;
				CLANG_WARN_STRICT_PROTOTYPES = YES;
				CLANG_WARN_SUSPICIOUS_MOVE = YES;
				CLANG_WARN_UNGUARDED_AVAILABILITY = YES_AGGRESSIVE;
				CLANG_WARN_UNREACHABLE_CODE = YES;
				CLANG_WARN__DUPLICATE_METHOD_MATCH = YES;
				COPY_PHASE_STRIP = NO;
				DEBUG_INFORMATION_FORMAT = "dwarf-with-dsym";
				ENABLE_NS_ASSERTIONS = NO;
				ENABLE_STRICT_OBJC_MSGSEND = YES;
				GCC_C_LANGUAGE_STANDARD = gnu11;
				GCC_NO_COMMON_BLOCKS = YES;
				GCC_WARN_64_TO_32_BIT_CONVERSION = YES;
				GCC_WARN_ABOUT_RETURN_TYPE = YES_ERROR;
				GCC_WARN_UNDECLARED_SELECTOR = YES;
				GCC_WARN_UNINITIALIZED_AUTOS = YES_AGGRESSIVE;
				GCC_WARN_UNUSED_FUNCTION = YES;
				GCC_WARN_UNUSED_VARIABLE = YES;
				MTL_ENABLE_DEBUG_INFO = NO;
				MTL_FAST_MATH = YES;
				SWIFT_COMPILATION_MODE = wholemodule;
				SWIFT_OPTIMIZATION_LEVEL = "-O";
			};
			name = Release;
		};
		C583FABE2AC8A2A700CE4F61 /* Debug */ = {
			isa = XCBuildConfiguration;
			buildSettings = {
				ASSETCATALOG_COMPILER_APPICON_NAME = AppIcon;
				ASSETCATALOG_COMPILER_GLOBAL_ACCENT_COLOR_NAME = AccentColor;
				CODE_SIGN_ENTITLEMENTS = firstProject/firstProject.entitlements;
				CODE_SIGN_STYLE = Automatic;
				CURRENT_PROJECT_VERSION = 1;
				DEVELOPMENT_ASSET_PATHS = "\"firstProject/Preview Content\"";
				DEVELOPMENT_TEAM = U2S6URFDMC;
				ENABLE_PREVIEWS = YES;
				GENERATE_INFOPLIST_FILE = YES;
				"INFOPLIST_KEY_UIApplicationSceneManifest_Generation[sdk=iphoneos*]" = YES;
				"INFOPLIST_KEY_UIApplicationSceneManifest_Generation[sdk=iphonesimulator*]" = YES;
				"INFOPLIST_KEY_UIApplicationSupportsIndirectInputEvents[sdk=iphoneos*]" = YES;
				"INFOPLIST_KEY_UIApplicationSupportsIndirectInputEvents[sdk=iphonesimulator*]" = YES;
				"INFOPLIST_KEY_UILaunchScreen_Generation[sdk=iphoneos*]" = YES;
				"INFOPLIST_KEY_UILaunchScreen_Generation[sdk=iphonesimulator*]" = YES;
				"INFOPLIST_KEY_UIStatusBarStyle[sdk=iphoneos*]" = UIStatusBarStyleDefault;
				"INFOPLIST_KEY_UIStatusBarStyle[sdk=iphonesimulator*]" = UIStatusBarStyleDefault;
				INFOPLIST_KEY_UISupportedInterfaceOrientations_iPad = "UIInterfaceOrientationPortrait UIInterfaceOrientationPortraitUpsideDown UIInterfaceOrientationLandscapeLeft UIInterfaceOrientationLandscapeRight";
				INFOPLIST_KEY_UISupportedInterfaceOrientations_iPhone = "UIInterfaceOrientationPortrait UIInterfaceOrientationLandscapeLeft UIInterfaceOrientationLandscapeRight";
				IPHONEOS_DEPLOYMENT_TARGET = 16.4;
				LD_RUNPATH_SEARCH_PATHS = "@executable_path/Frameworks";
				"LD_RUNPATH_SEARCH_PATHS[sdk=macosx*]" = "@executable_path/../Frameworks";
				MACOSX_DEPLOYMENT_TARGET = 13.3;
				MARKETING_VERSION = 1.0;
				PRODUCT_BUNDLE_IDENTIFIER = com.swiftFirst;
				PRODUCT_NAME = "$(TARGET_NAME)";
				SDKROOT = auto;
				SUPPORTED_PLATFORMS = "iphoneos iphonesimulator macosx";
				SWIFT_EMIT_LOC_STRINGS = YES;
				SWIFT_VERSION = 5.0;
				TARGETED_DEVICE_FAMILY = "1,2";
			};
			name = Debug;
		};
		C583FABF2AC8A2A700CE4F61 /* Release */ = {
			isa = XCBuildConfiguration;
			buildSettings = {
				ASSETCATALOG_COMPILER_APPICON_NAME = AppIcon;
				ASSETCATALOG_COMPILER_GLOBAL_ACCENT_COLOR_NAME = AccentColor;
				CODE_SIGN_ENTITLEMENTS = firstProject/firstProject.entitlements;
				CODE_SIGN_STYLE = Automatic;
				CURRENT_PROJECT_VERSION = 1;
				DEVELOPMENT_ASSET_PATHS = "\"firstProject/Preview Content\"";
				DEVELOPMENT_TEAM = U2S6URFDMC;
				ENABLE_PREVIEWS = YES;
				GENERATE_INFOPLIST_FILE = YES;
				"INFOPLIST_KEY_UIApplicationSceneManifest_Generation[sdk=iphoneos*]" = YES;
				"INFOPLIST_KEY_UIApplicationSceneManifest_Generation[sdk=iphonesimulator*]" = YES;
				"INFOPLIST_KEY_UIApplicationSupportsIndirectInputEvents[sdk=iphoneos*]" = YES;
				"INFOPLIST_KEY_UIApplicationSupportsIndirectInputEvents[sdk=iphonesimulator*]" = YES;
				"INFOPLIST_KEY_UILaunchScreen_Generation[sdk=iphoneos*]" = YES;
				"INFOPLIST_KEY_UILaunchScreen_Generation[sdk=iphonesimulator*]" = YES;
				"INFOPLIST_KEY_UIStatusBarStyle[sdk=iphoneos*]" = UIStatusBarStyleDefault;
				"INFOPLIST_KEY_UIStatusBarStyle[sdk=iphonesimulator*]" = UIStatusBarStyleDefault;
				INFOPLIST_KEY_UISupportedInterfaceOrientations_iPad = "UIInterfaceOrientationPortrait UIInterfaceOrientationPortraitUpsideDown UIInterfaceOrientationLandscapeLeft UIInterfaceOrientationLandscapeRight";
				INFOPLIST_KEY_UISupportedInterfaceOrientations_iPhone = "UIInterfaceOrientationPortrait UIInterfaceOrientationLandscapeLeft UIInterfaceOrientationLandscapeRight";
				IPHONEOS_DEPLOYMENT_TARGET = 16.4;
				LD_RUNPATH_SEARCH_PATHS = "@executable_path/Frameworks";
				"LD_RUNPATH_SEARCH_PATHS[sdk=macosx*]" = "@executable_path/../Frameworks";
				MACOSX_DEPLOYMENT_TARGET = 13.3;
				MARKETING_VERSION = 1.0;
				PRODUCT_BUNDLE_IDENTIFIER = com.swiftFirst;
				PRODUCT_NAME = "$(TARGET_NAME)";
				SDKROOT = auto;
				SUPPORTED_PLATFORMS = "iphoneos iphonesimulator macosx";
				SWIFT_EMIT_LOC_STRINGS = YES;
				SWIFT_VERSION = 5.0;
				TARGETED_DEVICE_FAMILY = "1,2";
			};
			name = Release;
		};
		C583FAC12AC8A2A700CE4F61 /* Debug */ = {
			isa = XCBuildConfiguration;
			buildSettings = {
				ALWAYS_EMBED_SWIFT_STANDARD_LIBRARIES = YES;
				BUNDLE_LOADER = "$(TEST_HOST)";
				CODE_SIGN_STYLE = Automatic;
				CURRENT_PROJECT_VERSION = 1;
				GENERATE_INFOPLIST_FILE = YES;
				IPHONEOS_DEPLOYMENT_TARGET = 16.4;
				MACOSX_DEPLOYMENT_TARGET = 13.3;
				MARKETING_VERSION = 1.0;
				PRODUCT_BUNDLE_IDENTIFIER = com.example.firstProjectTests;
				PRODUCT_NAME = "$(TARGET_NAME)";
				SDKROOT = auto;
				SUPPORTED_PLATFORMS = "iphoneos iphonesimulator macosx";
				SWIFT_EMIT_LOC_STRINGS = NO;
				SWIFT_VERSION = 5.0;
				TARGETED_DEVICE_FAMILY = "1,2";
				TEST_HOST = "$(BUILT_PRODUCTS_DIR)/firstProject.app/$(BUNDLE_EXECUTABLE_FOLDER_PATH)/firstProject";
			};
			name = Debug;
		};
		C583FAC22AC8A2A700CE4F61 /* Release */ = {
			isa = XCBuildConfiguration;
			buildSettings = {
				ALWAYS_EMBED_SWIFT_STANDARD_LIBRARIES = YES;
				BUNDLE_LOADER = "$(TEST_HOST)";
				CODE_SIGN_STYLE = Automatic;
				CURRENT_PROJECT_VERSION = 1;
				GENERATE_INFOPLIST_FILE = YES;
				IPHONEOS_DEPLOYMENT_TARGET = 16.4;
				MACOSX_DEPLOYMENT_TARGET = 13.3;
				MARKETING_VERSION = 1.0;
				PRODUCT_BUNDLE_IDENTIFIER = com.example.firstProjectTests;
				PRODUCT_NAME = "$(TARGET_NAME)";
				SDKROOT = auto;
				SUPPORTED_PLATFORMS = "iphoneos iphonesimulator macosx";
				SWIFT_EMIT_LOC_STRINGS = NO;
				SWIFT_VERSION = 5.0;
				TARGETED_DEVICE_FAMILY = "1,2";
				TEST_HOST = "$(BUILT_PRODUCTS_DIR)/firstProject.app/$(BUNDLE_EXECUTABLE_FOLDER_PATH)/firstProject";
			};
			name = Release;
		};
		C583FAC42AC8A2A700CE4F61 /* Debug */ = {
			isa = XCBuildConfiguration;
			buildSettings = {
				ALWAYS_EMBED_SWIFT_STANDARD_LIBRARIES = YES;
				CODE_SIGN_STYLE = Automatic;
				CURRENT_PROJECT_VERSION = 1;
				GENERATE_INFOPLIST_FILE = YES;
				IPHONEOS_DEPLOYMENT_TARGET = 16.4;
				MACOSX_DEPLOYMENT_TARGET = 13.3;
				MARKETING_VERSION = 1.0;
				PRODUCT_BUNDLE_IDENTIFIER = com.example.firstProjectUITests;
				PRODUCT_NAME = "$(TARGET_NAME)";
				SDKROOT = auto;
				SUPPORTED_PLATFORMS = "iphoneos iphonesimulator macosx";
				SWIFT_EMIT_LOC_STRINGS = NO;
				SWIFT_VERSION = 5.0;
				TARGETED_DEVICE_FAMILY = "1,2";
				TEST_TARGET_NAME = firstProject;
			};
			name = Debug;
		};
		C583FAC52AC8A2A700CE4F61 /* Release */ = {
			isa = XCBuildConfiguration;
			buildSettings = {
				ALWAYS_EMBED_SWIFT_STANDARD_LIBRARIES = YES;
				CODE_SIGN_STYLE = Automatic;
				CURRENT_PROJECT_VERSION = 1;
				GENERATE_INFOPLIST_FILE = YES;
				IPHONEOS_DEPLOYMENT_TARGET = 16.4;
				MACOSX_DEPLOYMENT_TARGET = 13.3;
				MARKETING_VERSION = 1.0;
				PRODUCT_BUNDLE_IDENTIFIER = com.example.firstProjectUITests;
				PRODUCT_NAME = "$(TARGET_NAME)";
				SDKROOT = auto;
				SUPPORTED_PLATFORMS = "iphoneos iphonesimulator macosx";
				SWIFT_EMIT_LOC_STRINGS = NO;
				SWIFT_VERSION = 5.0;
				TARGETED_DEVICE_FAMILY = "1,2";
				TEST_TARGET_NAME = firstProject;
			};
			name = Release;
		};
/* End XCBuildConfiguration section */

/* Begin XCConfigurationList section */
		C583FA932AC8A2A500CE4F61 /* Build configuration list for PBXProject "firstProject" */ = {
			isa = XCConfigurationList;
			buildConfigurations = (
				C583FABB2AC8A2A700CE4F61 /* Debug */,
				C583FABC2AC8A2A700CE4F61 /* Release */,
			);
			defaultConfigurationIsVisible = 0;
			defaultConfigurationName = Release;
		};
		C583FABD2AC8A2A700CE4F61 /* Build configuration list for PBXNativeTarget "firstProject" */ = {
			isa = XCConfigurationList;
			buildConfigurations = (
				C583FABE2AC8A2A700CE4F61 /* Debug */,
				C583FABF2AC8A2A700CE4F61 /* Release */,
			);
			defaultConfigurationIsVisible = 0;
			defaultConfigurationName = Release;
		};
		C583FAC02AC8A2A700CE4F61 /* Build configuration list for PBXNativeTarget "firstProjectTests" */ = {
			isa = XCConfigurationList;
			buildConfigurations = (
				C583FAC12AC8A2A700CE4F61 /* Debug */,
				C583FAC22AC8A2A700CE4F61 /* Release */,
			);
			defaultConfigurationIsVisible = 0;
			defaultConfigurationName = Release;
		};
		C583FAC32AC8A2A700CE4F61 /* Build configuration list for PBXNativeTarget "firstProjectUITests" */ = {
			isa = XCConfigurationList;
			buildConfigurations = (
				C583FAC42AC8A2A700CE4F61 /* Debug */,
				C583FAC52AC8A2A700CE4F61 /* Release */,
			);
			defaultConfigurationIsVisible = 0;
			defaultConfigurationName = Release;
		};
/* End XCConfigurationList section */
	};
	rootObject = C583FA902AC8A2A500CE4F61 /* Project object */;
}
