// !$*UTF8*$!
{
	archiveVersion = 1;
	classes = {
	};
	objectVersion = 56;
	objects = {

/* Begin PBXBuildFile section */
		C540C7A22B5690D800CB0E9F /* AppDelegate.swift in Sources */ = {isa = PBXBuildFile; fileRef = C540C7A12B5690D800CB0E9F /* AppDelegate.swift */; };
		C540C7A42B5690D800CB0E9F /* SceneDelegate.swift in Sources */ = {isa = PBXBuildFile; fileRef = C540C7A32B5690D800CB0E9F /* SceneDelegate.swift */; };
		C540C7A92B5690D800CB0E9F /* Main.storyboard in Resources */ = {isa = PBXBuildFile; fileRef = C540C7A72B5690D800CB0E9F /* Main.storyboard */; };
		C540C7AB2B5690D900CB0E9F /* Assets.xcassets in Resources */ = {isa = PBXBuildFile; fileRef = C540C7AA2B5690D900CB0E9F /* Assets.xcassets */; };
		C540C7AE2B5690D900CB0E9F /* LaunchScreen.storyboard in Resources */ = {isa = PBXBuildFile; fileRef = C540C7AC2B5690D900CB0E9F /* LaunchScreen.storyboard */; };
		C540C7B92B56935100CB0E9F /* CreateVC.swift in Sources */ = {isa = PBXBuildFile; fileRef = C540C7B82B56935100CB0E9F /* CreateVC.swift */; };
		C540C7BD2B569A5400CB0E9F /* EditTabVC.swift in Sources */ = {isa = PBXBuildFile; fileRef = C540C7BC2B569A5400CB0E9F /* EditTabVC.swift */; };
		C540C7BF2B56FBFF00CB0E9F /* HomeCell.swift in Sources */ = {isa = PBXBuildFile; fileRef = C540C7BE2B56FBFF00CB0E9F /* HomeCell.swift */; };
		C5A741312B56FF7B00CBD957 /* HomeTabVC.swift in Sources */ = {isa = PBXBuildFile; fileRef = C5A741302B56FF7B00CBD957 /* HomeTabVC.swift */; };
/* End PBXBuildFile section */

/* Begin PBXFileReference section */
		C540C79E2B5690D800CB0E9F /* DelgateForTableViewTest.app */ = {isa = PBXFileReference; explicitFileType = wrapper.application; includeInIndex = 0; path = DelgateForTableViewTest.app; sourceTree = BUILT_PRODUCTS_DIR; };
		C540C7A12B5690D800CB0E9F /* AppDelegate.swift */ = {isa = PBXFileReference; lastKnownFileType = sourcecode.swift; path = AppDelegate.swift; sourceTree = "<group>"; };
		C540C7A32B5690D800CB0E9F /* SceneDelegate.swift */ = {isa = PBXFileReference; lastKnownFileType = sourcecode.swift; path = SceneDelegate.swift; sourceTree = "<group>"; };
		C540C7A82B5690D800CB0E9F /* Base */ = {isa = PBXFileReference; lastKnownFileType = file.storyboard; name = Base; path = Base.lproj/Main.storyboard; sourceTree = "<group>"; };
		C540C7AA2B5690D900CB0E9F /* Assets.xcassets */ = {isa = PBXFileReference; lastKnownFileType = folder.assetcatalog; path = Assets.xcassets; sourceTree = "<group>"; };
		C540C7AD2B5690D900CB0E9F /* Base */ = {isa = PBXFileReference; lastKnownFileType = file.storyboard; name = Base; path = Base.lproj/LaunchScreen.storyboard; sourceTree = "<group>"; };
		C540C7AF2B5690D900CB0E9F /* Info.plist */ = {isa = PBXFileReference; lastKnownFileType = text.plist.xml; path = Info.plist; sourceTree = "<group>"; };
		C540C7B82B56935100CB0E9F /* CreateVC.swift */ = {isa = PBXFileReference; lastKnownFileType = sourcecode.swift; path = CreateVC.swift; sourceTree = "<group>"; };
		C540C7BC2B569A5400CB0E9F /* EditTabVC.swift */ = {isa = PBXFileReference; lastKnownFileType = sourcecode.swift; path = EditTabVC.swift; sourceTree = "<group>"; };
		C540C7BE2B56FBFF00CB0E9F /* HomeCell.swift */ = {isa = PBXFileReference; lastKnownFileType = sourcecode.swift; path = HomeCell.swift; sourceTree = "<group>"; };
		C5A741302B56FF7B00CBD957 /* HomeTabVC.swift */ = {isa = PBXFileReference; lastKnownFileType = sourcecode.swift; path = HomeTabVC.swift; sourceTree = "<group>"; };
/* End PBXFileReference section */

/* Begin PBXFrameworksBuildPhase section */
		C540C79B2B5690D800CB0E9F /* Frameworks */ = {
			isa = PBXFrameworksBuildPhase;
			buildActionMask = 2147483647;
			files = (
			);
			runOnlyForDeploymentPostprocessing = 0;
		};
/* End PBXFrameworksBuildPhase section */

/* Begin PBXGroup section */
		C540C7952B5690D800CB0E9F = {
			isa = PBXGroup;
			children = (
				C540C7A02B5690D800CB0E9F /* DelgateForTableViewTest */,
				C540C79F2B5690D800CB0E9F /* Products */,
			);
			sourceTree = "<group>";
		};
		C540C79F2B5690D800CB0E9F /* Products */ = {
			isa = PBXGroup;
			children = (
				C540C79E2B5690D800CB0E9F /* DelgateForTableViewTest.app */,
			);
			name = Products;
			sourceTree = "<group>";
		};
		C540C7A02B5690D800CB0E9F /* DelgateForTableViewTest */ = {
			isa = PBXGroup;
			children = (
				C540C7A12B5690D800CB0E9F /* AppDelegate.swift */,
				C540C7A32B5690D800CB0E9F /* SceneDelegate.swift */,
				C540C7A72B5690D800CB0E9F /* Main.storyboard */,
				C540C7C02B56FC1900CB0E9F /* Cells */,
				C540C7B72B56924C00CB0E9F /* Views */,
				C540C7AA2B5690D900CB0E9F /* Assets.xcassets */,
				C540C7AC2B5690D900CB0E9F /* LaunchScreen.storyboard */,
				C540C7AF2B5690D900CB0E9F /* Info.plist */,
			);
			path = DelgateForTableViewTest;
			sourceTree = "<group>";
		};
		C540C7B72B56924C00CB0E9F /* Views */ = {
			isa = PBXGroup;
			children = (
				C540C7B82B56935100CB0E9F /* CreateVC.swift */,
				C540C7BC2B569A5400CB0E9F /* EditTabVC.swift */,
				C5A741302B56FF7B00CBD957 /* HomeTabVC.swift */,
			);
			path = Views;
			sourceTree = "<group>";
		};
		C540C7C02B56FC1900CB0E9F /* Cells */ = {
			isa = PBXGroup;
			children = (
				C540C7BE2B56FBFF00CB0E9F /* HomeCell.swift */,
			);
			path = Cells;
			sourceTree = "<group>";
		};
/* End PBXGroup section */

/* Begin PBXNativeTarget section */
		C540C79D2B5690D800CB0E9F /* DelgateForTableViewTest */ = {
			isa = PBXNativeTarget;
			buildConfigurationList = C540C7B22B5690D900CB0E9F /* Build configuration list for PBXNativeTarget "DelgateForTableViewTest" */;
			buildPhases = (
				C540C79A2B5690D800CB0E9F /* Sources */,
				C540C79B2B5690D800CB0E9F /* Frameworks */,
				C540C79C2B5690D800CB0E9F /* Resources */,
			);
			buildRules = (
			);
			dependencies = (
			);
			name = DelgateForTableViewTest;
			productName = DelgateForTableViewTest;
			productReference = C540C79E2B5690D800CB0E9F /* DelgateForTableViewTest.app */;
			productType = "com.apple.product-type.application";
		};
/* End PBXNativeTarget section */

/* Begin PBXProject section */
		C540C7962B5690D800CB0E9F /* Project object */ = {
			isa = PBXProject;
			attributes = {
				BuildIndependentTargetsInParallel = 1;
				LastSwiftUpdateCheck = 1520;
				LastUpgradeCheck = 1520;
				TargetAttributes = {
					C540C79D2B5690D800CB0E9F = {
						CreatedOnToolsVersion = 15.2;
					};
				};
			};
			buildConfigurationList = C540C7992B5690D800CB0E9F /* Build configuration list for PBXProject "DelgateForTableViewTest" */;
			compatibilityVersion = "Xcode 14.0";
			developmentRegion = en;
			hasScannedForEncodings = 0;
			knownRegions = (
				en,
				Base,
			);
			mainGroup = C540C7952B5690D800CB0E9F;
			productRefGroup = C540C79F2B5690D800CB0E9F /* Products */;
			projectDirPath = "";
			projectRoot = "";
			targets = (
				C540C79D2B5690D800CB0E9F /* DelgateForTableViewTest */,
			);
		};
/* End PBXProject section */

/* Begin PBXResourcesBuildPhase section */
		C540C79C2B5690D800CB0E9F /* Resources */ = {
			isa = PBXResourcesBuildPhase;
			buildActionMask = 2147483647;
			files = (
				C540C7AE2B5690D900CB0E9F /* LaunchScreen.storyboard in Resources */,
				C540C7AB2B5690D900CB0E9F /* Assets.xcassets in Resources */,
				C540C7A92B5690D800CB0E9F /* Main.storyboard in Resources */,
			);
			runOnlyForDeploymentPostprocessing = 0;
		};
/* End PBXResourcesBuildPhase section */

/* Begin PBXSourcesBuildPhase section */
		C540C79A2B5690D800CB0E9F /* Sources */ = {
			isa = PBXSourcesBuildPhase;
			buildActionMask = 2147483647;
			files = (
				C540C7BD2B569A5400CB0E9F /* EditTabVC.swift in Sources */,
				C540C7A22B5690D800CB0E9F /* AppDelegate.swift in Sources */,
				C540C7A42B5690D800CB0E9F /* SceneDelegate.swift in Sources */,
				C5A741312B56FF7B00CBD957 /* HomeTabVC.swift in Sources */,
				C540C7BF2B56FBFF00CB0E9F /* HomeCell.swift in Sources */,
				C540C7B92B56935100CB0E9F /* CreateVC.swift in Sources */,
			);
			runOnlyForDeploymentPostprocessing = 0;
		};
/* End PBXSourcesBuildPhase section */

/* Begin PBXVariantGroup section */
		C540C7A72B5690D800CB0E9F /* Main.storyboard */ = {
			isa = PBXVariantGroup;
			children = (
				C540C7A82B5690D800CB0E9F /* Base */,
			);
			name = Main.storyboard;
			sourceTree = "<group>";
		};
		C540C7AC2B5690D900CB0E9F /* LaunchScreen.storyboard */ = {
			isa = PBXVariantGroup;
			children = (
				C540C7AD2B5690D900CB0E9F /* Base */,
			);
			name = LaunchScreen.storyboard;
			sourceTree = "<group>";
		};
/* End PBXVariantGroup section */

/* Begin XCBuildConfiguration section */
		C540C7B02B5690D900CB0E9F /* Debug */ = {
			isa = XCBuildConfiguration;
			buildSettings = {
				ALWAYS_SEARCH_USER_PATHS = NO;
				ASSETCATALOG_COMPILER_GENERATE_SWIFT_ASSET_SYMBOL_EXTENSIONS = YES;
				CLANG_ANALYZER_NONNULL = YES;
				CLANG_ANALYZER_NUMBER_OBJECT_CONVERSION = YES_AGGRESSIVE;
				CLANG_CXX_LANGUAGE_STANDARD = "gnu++20";
				CLANG_ENABLE_MODULES = YES;
				CLANG_ENABLE_OBJC_ARC = YES;
				CLANG_ENABLE_OBJC_WEAK = YES;
				CLANG_WARN_BLOCK_CAPTURE_AUTORELEASING = YES;
				CLANG_WARN_BOOL_CONVERSION = YES;
				CLANG_WARN_COMMA = YES;
				CLANG_WARN_CONSTANT_CONVERSION = YES;
				CLANG_WARN_DEPRECATED_OBJC_IMPLEMENTATIONS = YES;
				CLANG_WARN_DIRECT_OBJC_ISA_USAGE = YES_ERROR;
				CLANG_WARN_DOCUMENTATION_COMMENTS = YES;
				CLANG_WARN_EMPTY_BODY = YES;
				CLANG_WARN_ENUM_CONVERSION = YES;
				CLANG_WARN_INFINITE_RECURSION = YES;
				CLANG_WARN_INT_CONVERSION = YES;
				CLANG_WARN_NON_LITERAL_NULL_CONVERSION = YES;
				CLANG_WARN_OBJC_IMPLICIT_RETAIN_SELF = YES;
				CLANG_WARN_OBJC_LITERAL_CONVERSION = YES;
				CLANG_WARN_OBJC_ROOT_CLASS = YES_ERROR;
				CLANG_WARN_QUOTED_INCLUDE_IN_FRAMEWORK_HEADER = YES;
				CLANG_WARN_RANGE_LOOP_ANALYSIS = YES;
				CLANG_WARN_STRICT_PROTOTYPES = YES;
				CLANG_WARN_SUSPICIOUS_MOVE = YES;
				CLANG_WARN_UNGUARDED_AVAILABILITY = YES_AGGRESSIVE;
				CLANG_WARN_UNREACHABLE_CODE = YES;
				CLANG_WARN__DUPLICATE_METHOD_MATCH = YES;
				COPY_PHASE_STRIP = NO;
				DEBUG_INFORMATION_FORMAT = dwarf;
				ENABLE_STRICT_OBJC_MSGSEND = YES;
				ENABLE_TESTABILITY = YES;
				ENABLE_USER_SCRIPT_SANDBOXING = YES;
				GCC_C_LANGUAGE_STANDARD = gnu17;
				GCC_DYNAMIC_NO_PIC = NO;
				GCC_NO_COMMON_BLOCKS = YES;
				GCC_OPTIMIZATION_LEVEL = 0;
				GCC_PREPROCESSOR_DEFINITIONS = (
					"DEBUG=1",
					"$(inherited)",
				);
				GCC_WARN_64_TO_32_BIT_CONVERSION = YES;
				GCC_WARN_ABOUT_RETURN_TYPE = YES_ERROR;
				GCC_WARN_UNDECLARED_SELECTOR = YES;
				GCC_WARN_UNINITIALIZED_AUTOS = YES_AGGRESSIVE;
				GCC_WARN_UNUSED_FUNCTION = YES;
				GCC_WARN_UNUSED_VARIABLE = YES;
				IPHONEOS_DEPLOYMENT_TARGET = 17.2;
				LOCALIZATION_PREFERS_STRING_CATALOGS = YES;
				MTL_ENABLE_DEBUG_INFO = INCLUDE_SOURCE;
				MTL_FAST_MATH = YES;
				ONLY_ACTIVE_ARCH = YES;
				SDKROOT = iphoneos;
				SWIFT_ACTIVE_COMPILATION_CONDITIONS = "DEBUG $(inherited)";
				SWIFT_OPTIMIZATION_LEVEL = "-Onone";
			};
			name = Debug;
		};
		C540C7B12B5690D900CB0E9F /* Release */ = {
			isa = XCBuildConfiguration;
			buildSettings = {
				ALWAYS_SEARCH_USER_PATHS = NO;
				ASSETCATALOG_COMPILER_GENERATE_SWIFT_ASSET_SYMBOL_EXTENSIONS = YES;
				CLANG_ANALYZER_NONNULL = YES;
				CLANG_ANALYZER_NUMBER_OBJECT_CONVERSION = YES_AGGRESSIVE;
				CLANG_CXX_LANGUAGE_STANDARD = "gnu++20";
				CLANG_ENABLE_MODULES = YES;
				CLANG_ENABLE_OBJC_ARC = YES;
				CLANG_ENABLE_OBJC_WEAK = YES;
				CLANG_WARN_BLOCK_CAPTURE_AUTORELEASING = YES;
				CLANG_WARN_BOOL_CONVERSION = YES;
				CLANG_WARN_COMMA = YES;
				CLANG_WARN_CONSTANT_CONVERSION = YES;
				CLANG_WARN_DEPRECATED_OBJC_IMPLEMENTATIONS = YES;
				CLANG_WARN_DIRECT_OBJC_ISA_USAGE = YES_ERROR;
				CLANG_WARN_DOCUMENTATION_COMMENTS = YES;
				CLANG_WARN_EMPTY_BODY = YES;
				CLANG_WARN_ENUM_CONVERSION = YES;
				CLANG_WARN_INFINITE_RECURSION = YES;
				CLANG_WARN_INT_CONVERSION = YES;
				CLANG_WARN_NON_LITERAL_NULL_CONVERSION = YES;
				CLANG_WARN_OBJC_IMPLICIT_RETAIN_SELF = YES;
				CLANG_WARN_OBJC_LITERAL_CONVERSION = YES;
				CLANG_WARN_OBJC_ROOT_CLASS = YES_ERROR;
				CLANG_WARN_QUOTED_INCLUDE_IN_FRAMEWORK_HEADER = YES;
				CLANG_WARN_RANGE_LOOP_ANALYSIS = YES;
				CLANG_WARN_STRICT_PROTOTYPES = YES;
				CLANG_WARN_SUSPICIOUS_MOVE = YES;
				CLANG_WARN_UNGUARDED_AVAILABILITY = YES_AGGRESSIVE;
				CLANG_WARN_UNREACHABLE_CODE = YES;
				CLANG_WARN__DUPLICATE_METHOD_MATCH = YES;
				COPY_PHASE_STRIP = NO;
				DEBUG_INFORMATION_FORMAT = "dwarf-with-dsym";
				ENABLE_NS_ASSERTIONS = NO;
				ENABLE_STRICT_OBJC_MSGSEND = YES;
				ENABLE_USER_SCRIPT_SANDBOXING = YES;
				GCC_C_LANGUAGE_STANDARD = gnu17;
				GCC_NO_COMMON_BLOCKS = YES;
				GCC_WARN_64_TO_32_BIT_CONVERSION = YES;
				GCC_WARN_ABOUT_RETURN_TYPE = YES_ERROR;
				GCC_WARN_UNDECLARED_SELECTOR = YES;
				GCC_WARN_UNINITIALIZED_AUTOS = YES_AGGRESSIVE;
				GCC_WARN_UNUSED_FUNCTION = YES;
				GCC_WARN_UNUSED_VARIABLE = YES;
				IPHONEOS_DEPLOYMENT_TARGET = 17.2;
				LOCALIZATION_PREFERS_STRING_CATALOGS = YES;
				MTL_ENABLE_DEBUG_INFO = NO;
				MTL_FAST_MATH = YES;
				SDKROOT = iphoneos;
				SWIFT_COMPILATION_MODE = wholemodule;
				VALIDATE_PRODUCT = YES;
			};
			name = Release;
		};
		C540C7B32B5690D900CB0E9F /* Debug */ = {
			isa = XCBuildConfiguration;
			buildSettings = {
				ASSETCATALOG_COMPILER_APPICON_NAME = AppIcon;
				ASSETCATALOG_COMPILER_GLOBAL_ACCENT_COLOR_NAME = AccentColor;
				CODE_SIGN_STYLE = Automatic;
				CURRENT_PROJECT_VERSION = 1;
				DEVELOPMENT_TEAM = U2S6URFDMC;
				GENERATE_INFOPLIST_FILE = YES;
				INFOPLIST_FILE = DelgateForTableViewTest/Info.plist;
				INFOPLIST_KEY_UIApplicationSupportsIndirectInputEvents = YES;
				INFOPLIST_KEY_UILaunchStoryboardName = LaunchScreen;
				INFOPLIST_KEY_UIMainStoryboardFile = Main;
				INFOPLIST_KEY_UISupportedInterfaceOrientations_iPad = "UIInterfaceOrientationPortrait UIInterfaceOrientationPortraitUpsideDown UIInterfaceOrientationLandscapeLeft UIInterfaceOrientationLandscapeRight";
				INFOPLIST_KEY_UISupportedInterfaceOrientations_iPhone = "UIInterfaceOrientationPortrait UIInterfaceOrientationLandscapeLeft UIInterfaceOrientationLandscapeRight";
				LD_RUNPATH_SEARCH_PATHS = (
					"$(inherited)",
					"@executable_path/Frameworks",
				);
				MARKETING_VERSION = 1.0;
				PRODUCT_BUNDLE_IDENTIFIER = com.igorKrysin.DelgateForTableViewTest;
				PRODUCT_NAME = "$(TARGET_NAME)";
				SWIFT_EMIT_LOC_STRINGS = YES;
				SWIFT_VERSION = 5.0;
				TARGETED_DEVICE_FAMILY = "1,2";
			};
			name = Debug;
		};
		C540C7B42B5690D900CB0E9F /* Release */ = {
			isa = XCBuildConfiguration;
			buildSettings = {
				ASSETCATALOG_COMPILER_APPICON_NAME = AppIcon;
				ASSETCATALOG_COMPILER_GLOBAL_ACCENT_COLOR_NAME = AccentColor;
				CODE_SIGN_STYLE = Automatic;
				CURRENT_PROJECT_VERSION = 1;
				DEVELOPMENT_TEAM = U2S6URFDMC;
				GENERATE_INFOPLIST_FILE = YES;
				INFOPLIST_FILE = DelgateForTableViewTest/Info.plist;
				INFOPLIST_KEY_UIApplicationSupportsIndirectInputEvents = YES;
				INFOPLIST_KEY_UILaunchStoryboardName = LaunchScreen;
				INFOPLIST_KEY_UIMainStoryboardFile = Main;
				INFOPLIST_KEY_UISupportedInterfaceOrientations_iPad = "UIInterfaceOrientationPortrait UIInterfaceOrientationPortraitUpsideDown UIInterfaceOrientationLandscapeLeft UIInterfaceOrientationLandscapeRight";
				INFOPLIST_KEY_UISupportedInterfaceOrientations_iPhone = "UIInterfaceOrientationPortrait UIInterfaceOrientationLandscapeLeft UIInterfaceOrientationLandscapeRight";
				LD_RUNPATH_SEARCH_PATHS = (
					"$(inherited)",
					"@executable_path/Frameworks",
				);
				MARKETING_VERSION = 1.0;
				PRODUCT_BUNDLE_IDENTIFIER = com.igorKrysin.DelgateForTableViewTest;
				PRODUCT_NAME = "$(TARGET_NAME)";
				SWIFT_EMIT_LOC_STRINGS = YES;
				SWIFT_VERSION = 5.0;
				TARGETED_DEVICE_FAMILY = "1,2";
			};
			name = Release;
		};
/* End XCBuildConfiguration section */

/* Begin XCConfigurationList section */
		C540C7992B5690D800CB0E9F /* Build configuration list for PBXProject "DelgateForTableViewTest" */ = {
			isa = XCConfigurationList;
			buildConfigurations = (
				C540C7B02B5690D900CB0E9F /* Debug */,
				C540C7B12B5690D900CB0E9F /* Release */,
			);
			defaultConfigurationIsVisible = 0;
			defaultConfigurationName = Release;
		};
		C540C7B22B5690D900CB0E9F /* Build configuration list for PBXNativeTarget "DelgateForTableViewTest" */ = {
			isa = XCConfigurationList;
			buildConfigurations = (
				C540C7B32B5690D900CB0E9F /* Debug */,
				C540C7B42B5690D900CB0E9F /* Release */,
			);
			defaultConfigurationIsVisible = 0;
			defaultConfigurationName = Release;
		};
/* End XCConfigurationList section */
	};
	rootObject = C540C7962B5690D800CB0E9F /* Project object */;
}
