// !$*UTF8*$!
{
	archiveVersion = 1;
	classes = {
	};
	objectVersion = 56;
	objects = {

/* Begin PBXBuildFile section */
		C569F83A2B2A380D00994895 /* Round.swift in Sources */ = {isa = PBXBuildFile; fileRef = C569F8392B2A380D00994895 /* Round.swift */; };
		C569F83C2B2A383800994895 /* Generator.swift in Sources */ = {isa = PBXBuildFile; fileRef = C569F83B2B2A383800994895 /* Generator.swift */; };
		C569F8602B2B92A100994895 /* MainViewController.swift in Sources */ = {isa = PBXBuildFile; fileRef = C569F85F2B2B92A100994895 /* MainViewController.swift */; };
		C569F8892B2E14CD00994895 /* ColorGameViewController.swift in Sources */ = {isa = PBXBuildFile; fileRef = C569F8882B2E14CD00994895 /* ColorGameViewController.swift */; };
		C594655E2B2A1BCE00AB4701 /* Game.swift in Sources */ = {isa = PBXBuildFile; fileRef = C594655D2B2A1BCE00AB4701 /* Game.swift */; };
		C598AF7B2B23A00C0011FE6A /* AppDelegate.swift in Sources */ = {isa = PBXBuildFile; fileRef = C598AF7A2B23A00C0011FE6A /* AppDelegate.swift */; };
		C598AF7D2B23A00C0011FE6A /* SceneDelegate.swift in Sources */ = {isa = PBXBuildFile; fileRef = C598AF7C2B23A00C0011FE6A /* SceneDelegate.swift */; };
		C598AF7F2B23A00C0011FE6A /* TargetViewController.swift in Sources */ = {isa = PBXBuildFile; fileRef = C598AF7E2B23A00C0011FE6A /* TargetViewController.swift */; };
		C598AF822B23A00C0011FE6A /* Main.storyboard in Resources */ = {isa = PBXBuildFile; fileRef = C598AF802B23A00C0011FE6A /* Main.storyboard */; };
		C598AF842B23A00D0011FE6A /* Assets.xcassets in Resources */ = {isa = PBXBuildFile; fileRef = C598AF832B23A00D0011FE6A /* Assets.xcassets */; };
		C598AF872B23A00D0011FE6A /* LaunchScreen.storyboard in Resources */ = {isa = PBXBuildFile; fileRef = C598AF852B23A00D0011FE6A /* LaunchScreen.storyboard */; };
/* End PBXBuildFile section */

/* Begin PBXFileReference section */
		C569F8392B2A380D00994895 /* Round.swift */ = {isa = PBXFileReference; lastKnownFileType = sourcecode.swift; path = Round.swift; sourceTree = "<group>"; };
		C569F83B2B2A383800994895 /* Generator.swift */ = {isa = PBXFileReference; lastKnownFileType = sourcecode.swift; path = Generator.swift; sourceTree = "<group>"; };
		C569F85F2B2B92A100994895 /* MainViewController.swift */ = {isa = PBXFileReference; lastKnownFileType = sourcecode.swift; path = MainViewController.swift; sourceTree = "<group>"; };
		C569F8882B2E14CD00994895 /* ColorGameViewController.swift */ = {isa = PBXFileReference; lastKnownFileType = sourcecode.swift; path = ColorGameViewController.swift; sourceTree = "<group>"; };
		C594655D2B2A1BCE00AB4701 /* Game.swift */ = {isa = PBXFileReference; lastKnownFileType = sourcecode.swift; path = Game.swift; sourceTree = "<group>"; };
		C598AF772B23A00C0011FE6A /* uiKitStart.app */ = {isa = PBXFileReference; explicitFileType = wrapper.application; includeInIndex = 0; path = uiKitStart.app; sourceTree = BUILT_PRODUCTS_DIR; };
		C598AF7A2B23A00C0011FE6A /* AppDelegate.swift */ = {isa = PBXFileReference; lastKnownFileType = sourcecode.swift; path = AppDelegate.swift; sourceTree = "<group>"; };
		C598AF7C2B23A00C0011FE6A /* SceneDelegate.swift */ = {isa = PBXFileReference; lastKnownFileType = sourcecode.swift; path = SceneDelegate.swift; sourceTree = "<group>"; };
		C598AF7E2B23A00C0011FE6A /* TargetViewController.swift */ = {isa = PBXFileReference; lastKnownFileType = sourcecode.swift; path = TargetViewController.swift; sourceTree = "<group>"; };
		C598AF812B23A00C0011FE6A /* Base */ = {isa = PBXFileReference; lastKnownFileType = file.storyboard; name = Base; path = Base.lproj/Main.storyboard; sourceTree = "<group>"; };
		C598AF832B23A00D0011FE6A /* Assets.xcassets */ = {isa = PBXFileReference; lastKnownFileType = folder.assetcatalog; path = Assets.xcassets; sourceTree = "<group>"; };
		C598AF862B23A00D0011FE6A /* Base */ = {isa = PBXFileReference; lastKnownFileType = file.storyboard; name = Base; path = Base.lproj/LaunchScreen.storyboard; sourceTree = "<group>"; };
		C598AF882B23A00D0011FE6A /* Info.plist */ = {isa = PBXFileReference; lastKnownFileType = text.plist.xml; path = Info.plist; sourceTree = "<group>"; };
/* End PBXFileReference section */

/* Begin PBXFrameworksBuildPhase section */
		C598AF742B23A00C0011FE6A /* Frameworks */ = {
			isa = PBXFrameworksBuildPhase;
			buildActionMask = 2147483647;
			files = (
			);
			runOnlyForDeploymentPostprocessing = 0;
		};
/* End PBXFrameworksBuildPhase section */

/* Begin PBXGroup section */
		C594655C2B2A1B9600AB4701 /* Model */ = {
			isa = PBXGroup;
			children = (
				C594655D2B2A1BCE00AB4701 /* Game.swift */,
				C569F8392B2A380D00994895 /* Round.swift */,
				C569F83B2B2A383800994895 /* Generator.swift */,
			);
			path = Model;
			sourceTree = "<group>";
		};
		C598AF6E2B23A00C0011FE6A = {
			isa = PBXGroup;
			children = (
				C598AF792B23A00C0011FE6A /* uiKitStart */,
				C598AF782B23A00C0011FE6A /* Products */,
			);
			sourceTree = "<group>";
		};
		C598AF782B23A00C0011FE6A /* Products */ = {
			isa = PBXGroup;
			children = (
				C598AF772B23A00C0011FE6A /* uiKitStart.app */,
			);
			name = Products;
			sourceTree = "<group>";
		};
		C598AF792B23A00C0011FE6A /* uiKitStart */ = {
			isa = PBXGroup;
			children = (
				C594655C2B2A1B9600AB4701 /* Model */,
				C598AF7A2B23A00C0011FE6A /* AppDelegate.swift */,
				C598AF7C2B23A00C0011FE6A /* SceneDelegate.swift */,
				C569F85F2B2B92A100994895 /* MainViewController.swift */,
				C569F8882B2E14CD00994895 /* ColorGameViewController.swift */,
				C598AF7E2B23A00C0011FE6A /* TargetViewController.swift */,
				C598AF802B23A00C0011FE6A /* Main.storyboard */,
				C598AF832B23A00D0011FE6A /* Assets.xcassets */,
				C598AF852B23A00D0011FE6A /* LaunchScreen.storyboard */,
				C598AF882B23A00D0011FE6A /* Info.plist */,
			);
			path = uiKitStart;
			sourceTree = "<group>";
		};
/* End PBXGroup section */

/* Begin PBXNativeTarget section */
		C598AF762B23A00C0011FE6A /* uiKitStart */ = {
			isa = PBXNativeTarget;
			buildConfigurationList = C598AF8B2B23A00D0011FE6A /* Build configuration list for PBXNativeTarget "uiKitStart" */;
			buildPhases = (
				C598AF732B23A00C0011FE6A /* Sources */,
				C598AF742B23A00C0011FE6A /* Frameworks */,
				C598AF752B23A00C0011FE6A /* Resources */,
			);
			buildRules = (
			);
			dependencies = (
			);
			name = uiKitStart;
			productName = uiKitStart;
			productReference = C598AF772B23A00C0011FE6A /* uiKitStart.app */;
			productType = "com.apple.product-type.application";
		};
/* End PBXNativeTarget section */

/* Begin PBXProject section */
		C598AF6F2B23A00C0011FE6A /* Project object */ = {
			isa = PBXProject;
			attributes = {
				BuildIndependentTargetsInParallel = 1;
				LastSwiftUpdateCheck = 1500;
				LastUpgradeCheck = 1500;
				TargetAttributes = {
					C598AF762B23A00C0011FE6A = {
						CreatedOnToolsVersion = 15.0.1;
					};
				};
			};
			buildConfigurationList = C598AF722B23A00C0011FE6A /* Build configuration list for PBXProject "uiKitStart" */;
			compatibilityVersion = "Xcode 14.0";
			developmentRegion = en;
			hasScannedForEncodings = 0;
			knownRegions = (
				en,
				Base,
			);
			mainGroup = C598AF6E2B23A00C0011FE6A;
			productRefGroup = C598AF782B23A00C0011FE6A /* Products */;
			projectDirPath = "";
			projectRoot = "";
			targets = (
				C598AF762B23A00C0011FE6A /* uiKitStart */,
			);
		};
/* End PBXProject section */

/* Begin PBXResourcesBuildPhase section */
		C598AF752B23A00C0011FE6A /* Resources */ = {
			isa = PBXResourcesBuildPhase;
			buildActionMask = 2147483647;
			files = (
				C598AF872B23A00D0011FE6A /* LaunchScreen.storyboard in Resources */,
				C598AF842B23A00D0011FE6A /* Assets.xcassets in Resources */,
				C598AF822B23A00C0011FE6A /* Main.storyboard in Resources */,
			);
			runOnlyForDeploymentPostprocessing = 0;
		};
/* End PBXResourcesBuildPhase section */

/* Begin PBXSourcesBuildPhase section */
		C598AF732B23A00C0011FE6A /* Sources */ = {
			isa = PBXSourcesBuildPhase;
			buildActionMask = 2147483647;
			files = (
				C569F8892B2E14CD00994895 /* ColorGameViewController.swift in Sources */,
				C569F8602B2B92A100994895 /* MainViewController.swift in Sources */,
				C594655E2B2A1BCE00AB4701 /* Game.swift in Sources */,
				C598AF7F2B23A00C0011FE6A /* TargetViewController.swift in Sources */,
				C598AF7B2B23A00C0011FE6A /* AppDelegate.swift in Sources */,
				C569F83C2B2A383800994895 /* Generator.swift in Sources */,
				C569F83A2B2A380D00994895 /* Round.swift in Sources */,
				C598AF7D2B23A00C0011FE6A /* SceneDelegate.swift in Sources */,
			);
			runOnlyForDeploymentPostprocessing = 0;
		};
/* End PBXSourcesBuildPhase section */

/* Begin PBXVariantGroup section */
		C598AF802B23A00C0011FE6A /* Main.storyboard */ = {
			isa = PBXVariantGroup;
			children = (
				C598AF812B23A00C0011FE6A /* Base */,
			);
			name = Main.storyboard;
			sourceTree = "<group>";
		};
		C598AF852B23A00D0011FE6A /* LaunchScreen.storyboard */ = {
			isa = PBXVariantGroup;
			children = (
				C598AF862B23A00D0011FE6A /* Base */,
			);
			name = LaunchScreen.storyboard;
			sourceTree = "<group>";
		};
/* End PBXVariantGroup section */

/* Begin XCBuildConfiguration section */
		C598AF892B23A00D0011FE6A /* Debug */ = {
			isa = XCBuildConfiguration;
			buildSettings = {
				ALWAYS_SEARCH_USER_PATHS = NO;
				ASSETCATALOG_COMPILER_GENERATE_SWIFT_ASSET_SYMBOL_EXTENSIONS = YES;
				CLANG_ANALYZER_NONNULL = YES;
				CLANG_ANALYZER_NUMBER_OBJECT_CONVERSION = YES_AGGRESSIVE;
				CLANG_CXX_LANGUAGE_STANDARD = "gnu++20";
				CLANG_ENABLE_MODULES = YES;
				CLANG_ENABLE_OBJC_ARC = YES;
				CLANG_ENABLE_OBJC_WEAK = YES;
				CLANG_WARN_BLOCK_CAPTURE_AUTORELEASING = YES;
				CLANG_WARN_BOOL_CONVERSION = YES;
				CLANG_WARN_COMMA = YES;
				CLANG_WARN_CONSTANT_CONVERSION = YES;
				CLANG_WARN_DEPRECATED_OBJC_IMPLEMENTATIONS = YES;
				CLANG_WARN_DIRECT_OBJC_ISA_USAGE = YES_ERROR;
				CLANG_WARN_DOCUMENTATION_COMMENTS = YES;
				CLANG_WARN_EMPTY_BODY = YES;
				CLANG_WARN_ENUM_CONVERSION = YES;
				CLANG_WARN_INFINITE_RECURSION = YES;
				CLANG_WARN_INT_CONVERSION = YES;
				CLANG_WARN_NON_LITERAL_NULL_CONVERSION = YES;
				CLANG_WARN_OBJC_IMPLICIT_RETAIN_SELF = YES;
				CLANG_WARN_OBJC_LITERAL_CONVERSION = YES;
				CLANG_WARN_OBJC_ROOT_CLASS = YES_ERROR;
				CLANG_WARN_QUOTED_INCLUDE_IN_FRAMEWORK_HEADER = YES;
				CLANG_WARN_RANGE_LOOP_ANALYSIS = YES;
				CLANG_WARN_STRICT_PROTOTYPES = YES;
				CLANG_WARN_SUSPICIOUS_MOVE = YES;
				CLANG_WARN_UNGUARDED_AVAILABILITY = YES_AGGRESSIVE;
				CLANG_WARN_UNREACHABLE_CODE = YES;
				CLANG_WARN__DUPLICATE_METHOD_MATCH = YES;
				COPY_PHASE_STRIP = NO;
				DEBUG_INFORMATION_FORMAT = dwarf;
				ENABLE_STRICT_OBJC_MSGSEND = YES;
				ENABLE_TESTABILITY = YES;
				ENABLE_USER_SCRIPT_SANDBOXING = YES;
				GCC_C_LANGUAGE_STANDARD = gnu17;
				GCC_DYNAMIC_NO_PIC = NO;
				GCC_NO_COMMON_BLOCKS = YES;
				GCC_OPTIMIZATION_LEVEL = 0;
				GCC_PREPROCESSOR_DEFINITIONS = (
					"DEBUG=1",
					"$(inherited)",
				);
				GCC_WARN_64_TO_32_BIT_CONVERSION = YES;
				GCC_WARN_ABOUT_RETURN_TYPE = YES_ERROR;
				GCC_WARN_UNDECLARED_SELECTOR = YES;
				GCC_WARN_UNINITIALIZED_AUTOS = YES_AGGRESSIVE;
				GCC_WARN_UNUSED_FUNCTION = YES;
				GCC_WARN_UNUSED_VARIABLE = YES;
				IPHONEOS_DEPLOYMENT_TARGET = 15.4;
				LOCALIZATION_PREFERS_STRING_CATALOGS = YES;
				MTL_ENABLE_DEBUG_INFO = INCLUDE_SOURCE;
				MTL_FAST_MATH = YES;
				ONLY_ACTIVE_ARCH = YES;
				SDKROOT = iphoneos;
				SWIFT_ACTIVE_COMPILATION_CONDITIONS = "DEBUG $(inherited)";
				SWIFT_OPTIMIZATION_LEVEL = "-Onone";
			};
			name = Debug;
		};
		C598AF8A2B23A00D0011FE6A /* Release */ = {
			isa = XCBuildConfiguration;
			buildSettings = {
				ALWAYS_SEARCH_USER_PATHS = NO;
				ASSETCATALOG_COMPILER_GENERATE_SWIFT_ASSET_SYMBOL_EXTENSIONS = YES;
				CLANG_ANALYZER_NONNULL = YES;
				CLANG_ANALYZER_NUMBER_OBJECT_CONVERSION = YES_AGGRESSIVE;
				CLANG_CXX_LANGUAGE_STANDARD = "gnu++20";
				CLANG_ENABLE_MODULES = YES;
				CLANG_ENABLE_OBJC_ARC = YES;
				CLANG_ENABLE_OBJC_WEAK = YES;
				CLANG_WARN_BLOCK_CAPTURE_AUTORELEASING = YES;
				CLANG_WARN_BOOL_CONVERSION = YES;
				CLANG_WARN_COMMA = YES;
				CLANG_WARN_CONSTANT_CONVERSION = YES;
				CLANG_WARN_DEPRECATED_OBJC_IMPLEMENTATIONS = YES;
				CLANG_WARN_DIRECT_OBJC_ISA_USAGE = YES_ERROR;
				CLANG_WARN_DOCUMENTATION_COMMENTS = YES;
				CLANG_WARN_EMPTY_BODY = YES;
				CLANG_WARN_ENUM_CONVERSION = YES;
				CLANG_WARN_INFINITE_RECURSION = YES;
				CLANG_WARN_INT_CONVERSION = YES;
				CLANG_WARN_NON_LITERAL_NULL_CONVERSION = YES;
				CLANG_WARN_OBJC_IMPLICIT_RETAIN_SELF = YES;
				CLANG_WARN_OBJC_LITERAL_CONVERSION = YES;
				CLANG_WARN_OBJC_ROOT_CLASS = YES_ERROR;
				CLANG_WARN_QUOTED_INCLUDE_IN_FRAMEWORK_HEADER = YES;
				CLANG_WARN_RANGE_LOOP_ANALYSIS = YES;
				CLANG_WARN_STRICT_PROTOTYPES = YES;
				CLANG_WARN_SUSPICIOUS_MOVE = YES;
				CLANG_WARN_UNGUARDED_AVAILABILITY = YES_AGGRESSIVE;
				CLANG_WARN_UNREACHABLE_CODE = YES;
				CLANG_WARN__DUPLICATE_METHOD_MATCH = YES;
				COPY_PHASE_STRIP = NO;
				DEBUG_INFORMATION_FORMAT = "dwarf-with-dsym";
				ENABLE_NS_ASSERTIONS = NO;
				ENABLE_STRICT_OBJC_MSGSEND = YES;
				ENABLE_USER_SCRIPT_SANDBOXING = YES;
				GCC_C_LANGUAGE_STANDARD = gnu17;
				GCC_NO_COMMON_BLOCKS = YES;
				GCC_WARN_64_TO_32_BIT_CONVERSION = YES;
				GCC_WARN_ABOUT_RETURN_TYPE = YES_ERROR;
				GCC_WARN_UNDECLARED_SELECTOR = YES;
				GCC_WARN_UNINITIALIZED_AUTOS = YES_AGGRESSIVE;
				GCC_WARN_UNUSED_FUNCTION = YES;
				GCC_WARN_UNUSED_VARIABLE = YES;
				IPHONEOS_DEPLOYMENT_TARGET = 15.4;
				LOCALIZATION_PREFERS_STRING_CATALOGS = YES;
				MTL_ENABLE_DEBUG_INFO = NO;
				MTL_FAST_MATH = YES;
				SDKROOT = iphoneos;
				SWIFT_COMPILATION_MODE = wholemodule;
				VALIDATE_PRODUCT = YES;
			};
			name = Release;
		};
		C598AF8C2B23A00D0011FE6A /* Debug */ = {
			isa = XCBuildConfiguration;
			buildSettings = {
				ASSETCATALOG_COMPILER_APPICON_NAME = AppIcon;
				ASSETCATALOG_COMPILER_GLOBAL_ACCENT_COLOR_NAME = AccentColor;
				CODE_SIGN_STYLE = Automatic;
				CURRENT_PROJECT_VERSION = 1;
				DEVELOPMENT_TEAM = U2S6URFDMC;
				GENERATE_INFOPLIST_FILE = YES;
				INFOPLIST_FILE = uiKitStart/Info.plist;
				INFOPLIST_KEY_UIApplicationSupportsIndirectInputEvents = YES;
				INFOPLIST_KEY_UILaunchStoryboardName = LaunchScreen;
				INFOPLIST_KEY_UIMainStoryboardFile = Main;
				INFOPLIST_KEY_UIStatusBarStyle = "";
				INFOPLIST_KEY_UISupportedInterfaceOrientations = "UIInterfaceOrientationLandscapeLeft UIInterfaceOrientationLandscapeRight UIInterfaceOrientationPortrait";
				INFOPLIST_KEY_UISupportedInterfaceOrientations_iPad = "UIInterfaceOrientationLandscapeLeft UIInterfaceOrientationLandscapeRight";
				LD_RUNPATH_SEARCH_PATHS = (
					"$(inherited)",
					"@executable_path/Frameworks",
				);
				MARKETING_VERSION = 1.1;
				PRODUCT_BUNDLE_IDENTIFIER = com.igorKrysin.uiKitStart;
				PRODUCT_NAME = "$(TARGET_NAME)";
				SWIFT_EMIT_LOC_STRINGS = YES;
				SWIFT_VERSION = 5.0;
				TARGETED_DEVICE_FAMILY = "1,2";
			};
			name = Debug;
		};
		C598AF8D2B23A00D0011FE6A /* Release */ = {
			isa = XCBuildConfiguration;
			buildSettings = {
				ASSETCATALOG_COMPILER_APPICON_NAME = AppIcon;
				ASSETCATALOG_COMPILER_GLOBAL_ACCENT_COLOR_NAME = AccentColor;
				CODE_SIGN_STYLE = Automatic;
				CURRENT_PROJECT_VERSION = 1;
				DEVELOPMENT_TEAM = U2S6URFDMC;
				GENERATE_INFOPLIST_FILE = YES;
				INFOPLIST_FILE = uiKitStart/Info.plist;
				INFOPLIST_KEY_UIApplicationSupportsIndirectInputEvents = YES;
				INFOPLIST_KEY_UILaunchStoryboardName = LaunchScreen;
				INFOPLIST_KEY_UIMainStoryboardFile = Main;
				INFOPLIST_KEY_UIStatusBarStyle = "";
				INFOPLIST_KEY_UISupportedInterfaceOrientations = "UIInterfaceOrientationLandscapeLeft UIInterfaceOrientationLandscapeRight UIInterfaceOrientationPortrait";
				INFOPLIST_KEY_UISupportedInterfaceOrientations_iPad = "UIInterfaceOrientationLandscapeLeft UIInterfaceOrientationLandscapeRight";
				LD_RUNPATH_SEARCH_PATHS = (
					"$(inherited)",
					"@executable_path/Frameworks",
				);
				MARKETING_VERSION = 1.1;
				PRODUCT_BUNDLE_IDENTIFIER = com.igorKrysin.uiKitStart;
				PRODUCT_NAME = "$(TARGET_NAME)";
				SWIFT_EMIT_LOC_STRINGS = YES;
				SWIFT_VERSION = 5.0;
				TARGETED_DEVICE_FAMILY = "1,2";
			};
			name = Release;
		};
/* End XCBuildConfiguration section */

/* Begin XCConfigurationList section */
		C598AF722B23A00C0011FE6A /* Build configuration list for PBXProject "uiKitStart" */ = {
			isa = XCConfigurationList;
			buildConfigurations = (
				C598AF892B23A00D0011FE6A /* Debug */,
				C598AF8A2B23A00D0011FE6A /* Release */,
			);
			defaultConfigurationIsVisible = 0;
			defaultConfigurationName = Release;
		};
		C598AF8B2B23A00D0011FE6A /* Build configuration list for PBXNativeTarget "uiKitStart" */ = {
			isa = XCConfigurationList;
			buildConfigurations = (
				C598AF8C2B23A00D0011FE6A /* Debug */,
				C598AF8D2B23A00D0011FE6A /* Release */,
			);
			defaultConfigurationIsVisible = 0;
			defaultConfigurationName = Release;
		};
/* End XCConfigurationList section */
	};
	rootObject = C598AF6F2B23A00C0011FE6A /* Project object */;
}
